# This file was autogenerated by Stack.
# You should not edit this file by hand.
# For more information, please see the documentation at:
#   https://docs.haskellstack.org/en/stable/lock_files

packages:
- completed:
    commit: 4695cac2f27e52e978639253bc71fd8d6f6071b2
    git: https://github.com/autonomousorganization/plug5.git
    name: clplug
    pantry-tree:
      sha256: a0f5c4a57743ea3186cc23d87335869fdfb79f86ff8b99f131a891607f4eef2b
      size: 818
    version: 0.5.0.1
  original:
    commit: 4695cac2f27e52e978639253bc71fd8d6f6071b2
    git: https://github.com/autonomousorganization/plug5.git
snapshots:
- completed:
    sha256: b37c0abab16c7de352c45b85f8ecc8530b084209a2c42987a96c92b4a5e3cd65
    size: 648924
    url: https://raw.githubusercontent.com/commercialhaskell/stackage-snapshots/master/lts/20/13.yaml
  original:
    url: https://raw.githubusercontent.com/commercialhaskell/stackage-snapshots/master/lts/20/13.yaml
